
Microsoft Visual Studio Solution File, Format Version 12.00
# Visual Studio 15
VisualStudioVersion = 15.0.26124.0
MinimumVisualStudioVersion = 15.0.26124.0
Project("{FAE04EC0-301F-11D3-BF4B-00C04F79EFBC}") = "SeekableS3Stream", "SeekableS3Stream\SeekableS3Stream.csproj", "{E992FBE9-566A-4074-B776-BEC4A684DAEB}"
EndProject
Project("{2150E333-8FDC-42A3-9474-1A3956D46DE8}") = "Examples", "Examples", "{497DFE31-D99D-426F-8C99-BC74679447D9}"
EndProject
Project("{FAE04EC0-301F-11D3-BF4B-00C04F79EFBC}") = "LoadExifFromImage", "Examples\LoadExifFromImage\LoadExifFromImage.csproj", "{B72A9C11-2DBF-4A75-932C-54D61F0C696B}"
EndProject
Project("{FAE04EC0-301F-11D3-BF4B-00C04F79EFBC}") = "LoadOneFileFromIso", "Examples\LoadOneFileFromIso\LoadOneFileFromIso.csproj", "{D919413C-1011-461E-9EF7-4228F6008725}"
EndProject
Project("{FAE04EC0-301F-11D3-BF4B-00C04F79EFBC}") = "LoadSchemaFromParquet", "Examples\LoadSchemaFromParquet\LoadSchemaFromParquet.csproj", "{6683488F-8F57-4868-B70F-8DFA4C092F16}"
EndProject
Project("{FAE04EC0-301F-11D3-BF4B-00C04F79EFBC}") = "ReadFirstLineOfZipInsideIso", "Examples\ReadFirstLineOfZipInsideIso\ReadFirstLineOfZipInsideIso.csproj", "{88A17C35-69A2-4E87-9AAF-F57288A9225E}"
EndProject
Project("{FAE04EC0-301F-11D3-BF4B-00C04F79EFBC}") = "ParallelReadCsv", "Examples\ParallelReadCsv\ParallelReadCsv.csproj", "{C6B1B335-009A-4D1A-B7C4-D00EE94F6BB9}"
EndProject
Global
	GlobalSection(SolutionConfigurationPlatforms) = preSolution
		Debug|Any CPU = Debug|Any CPU
		Debug|x64 = Debug|x64
		Debug|x86 = Debug|x86
		Release|Any CPU = Release|Any CPU
		Release|x64 = Release|x64
		Release|x86 = Release|x86
	EndGlobalSection
	GlobalSection(SolutionProperties) = preSolution
		HideSolutionNode = FALSE
	EndGlobalSection
	GlobalSection(ProjectConfigurationPlatforms) = postSolution
		{E992FBE9-566A-4074-B776-BEC4A684DAEB}.Debug|Any CPU.ActiveCfg = Debug|Any CPU
		{E992FBE9-566A-4074-B776-BEC4A684DAEB}.Debug|Any CPU.Build.0 = Debug|Any CPU
		{E992FBE9-566A-4074-B776-BEC4A684DAEB}.Debug|x64.ActiveCfg = Debug|Any CPU
		{E992FBE9-566A-4074-B776-BEC4A684DAEB}.Debug|x64.Build.0 = Debug|Any CPU
		{E992FBE9-566A-4074-B776-BEC4A684DAEB}.Debug|x86.ActiveCfg = Debug|Any CPU
		{E992FBE9-566A-4074-B776-BEC4A684DAEB}.Debug|x86.Build.0 = Debug|Any CPU
		{E992FBE9-566A-4074-B776-BEC4A684DAEB}.Release|Any CPU.ActiveCfg = Release|Any CPU
		{E992FBE9-566A-4074-B776-BEC4A684DAEB}.Release|Any CPU.Build.0 = Release|Any CPU
		{E992FBE9-566A-4074-B776-BEC4A684DAEB}.Release|x64.ActiveCfg = Release|Any CPU
		{E992FBE9-566A-4074-B776-BEC4A684DAEB}.Release|x64.Build.0 = Release|Any CPU
		{E992FBE9-566A-4074-B776-BEC4A684DAEB}.Release|x86.ActiveCfg = Release|Any CPU
		{E992FBE9-566A-4074-B776-BEC4A684DAEB}.Release|x86.Build.0 = Release|Any CPU
		{B72A9C11-2DBF-4A75-932C-54D61F0C696B}.Debug|Any CPU.ActiveCfg = Debug|Any CPU
		{B72A9C11-2DBF-4A75-932C-54D61F0C696B}.Debug|Any CPU.Build.0 = Debug|Any CPU
		{B72A9C11-2DBF-4A75-932C-54D61F0C696B}.Debug|x64.ActiveCfg = Debug|Any CPU
		{B72A9C11-2DBF-4A75-932C-54D61F0C696B}.Debug|x64.Build.0 = Debug|Any CPU
		{B72A9C11-2DBF-4A75-932C-54D61F0C696B}.Debug|x86.ActiveCfg = Debug|Any CPU
		{B72A9C11-2DBF-4A75-932C-54D61F0C696B}.Debug|x86.Build.0 = Debug|Any CPU
		{B72A9C11-2DBF-4A75-932C-54D61F0C696B}.Release|Any CPU.ActiveCfg = Release|Any CPU
		{B72A9C11-2DBF-4A75-932C-54D61F0C696B}.Release|Any CPU.Build.0 = Release|Any CPU
		{B72A9C11-2DBF-4A75-932C-54D61F0C696B}.Release|x64.ActiveCfg = Release|Any CPU
		{B72A9C11-2DBF-4A75-932C-54D61F0C696B}.Release|x64.Build.0 = Release|Any CPU
		{B72A9C11-2DBF-4A75-932C-54D61F0C696B}.Release|x86.ActiveCfg = Release|Any CPU
		{B72A9C11-2DBF-4A75-932C-54D61F0C696B}.Release|x86.Build.0 = Release|Any CPU
		{D919413C-1011-461E-9EF7-4228F6008725}.Debug|Any CPU.ActiveCfg = Debug|Any CPU
		{D919413C-1011-461E-9EF7-4228F6008725}.Debug|Any CPU.Build.0 = Debug|Any CPU
		{D919413C-1011-461E-9EF7-4228F6008725}.Debug|x64.ActiveCfg = Debug|Any CPU
		{D919413C-1011-461E-9EF7-4228F6008725}.Debug|x64.Build.0 = Debug|Any CPU
		{D919413C-1011-461E-9EF7-4228F6008725}.Debug|x86.ActiveCfg = Debug|Any CPU
		{D919413C-1011-461E-9EF7-4228F6008725}.Debug|x86.Build.0 = Debug|Any CPU
		{D919413C-1011-461E-9EF7-4228F6008725}.Release|Any CPU.ActiveCfg = Release|Any CPU
		{D919413C-1011-461E-9EF7-4228F6008725}.Release|Any CPU.Build.0 = Release|Any CPU
		{D919413C-1011-461E-9EF7-4228F6008725}.Release|x64.ActiveCfg = Release|Any CPU
		{D919413C-1011-461E-9EF7-4228F6008725}.Release|x64.Build.0 = Release|Any CPU
		{D919413C-1011-461E-9EF7-4228F6008725}.Release|x86.ActiveCfg = Release|Any CPU
		{D919413C-1011-461E-9EF7-4228F6008725}.Release|x86.Build.0 = Release|Any CPU
		{6683488F-8F57-4868-B70F-8DFA4C092F16}.Debug|Any CPU.ActiveCfg = Debug|Any CPU
		{6683488F-8F57-4868-B70F-8DFA4C092F16}.Debug|Any CPU.Build.0 = Debug|Any CPU
		{6683488F-8F57-4868-B70F-8DFA4C092F16}.Debug|x64.ActiveCfg = Debug|Any CPU
		{6683488F-8F57-4868-B70F-8DFA4C092F16}.Debug|x64.Build.0 = Debug|Any CPU
		{6683488F-8F57-4868-B70F-8DFA4C092F16}.Debug|x86.ActiveCfg = Debug|Any CPU
		{6683488F-8F57-4868-B70F-8DFA4C092F16}.Debug|x86.Build.0 = Debug|Any CPU
		{6683488F-8F57-4868-B70F-8DFA4C092F16}.Release|Any CPU.ActiveCfg = Release|Any CPU
		{6683488F-8F57-4868-B70F-8DFA4C092F16}.Release|Any CPU.Build.0 = Release|Any CPU
		{6683488F-8F57-4868-B70F-8DFA4C092F16}.Release|x64.ActiveCfg = Release|Any CPU
		{6683488F-8F57-4868-B70F-8DFA4C092F16}.Release|x64.Build.0 = Release|Any CPU
		{6683488F-8F57-4868-B70F-8DFA4C092F16}.Release|x86.ActiveCfg = Release|Any CPU
		{6683488F-8F57-4868-B70F-8DFA4C092F16}.Release|x86.Build.0 = Release|Any CPU
		{88A17C35-69A2-4E87-9AAF-F57288A9225E}.Debug|Any CPU.ActiveCfg = Debug|Any CPU
		{88A17C35-69A2-4E87-9AAF-F57288A9225E}.Debug|Any CPU.Build.0 = Debug|Any CPU
		{88A17C35-69A2-4E87-9AAF-F57288A9225E}.Debug|x64.ActiveCfg = Debug|Any CPU
		{88A17C35-69A2-4E87-9AAF-F57288A9225E}.Debug|x64.Build.0 = Debug|Any CPU
		{88A17C35-69A2-4E87-9AAF-F57288A9225E}.Debug|x86.ActiveCfg = Debug|Any CPU
		{88A17C35-69A2-4E87-9AAF-F57288A9225E}.Debug|x86.Build.0 = Debug|Any CPU
		{88A17C35-69A2-4E87-9AAF-F57288A9225E}.Release|Any CPU.ActiveCfg = Release|Any CPU
		{88A17C35-69A2-4E87-9AAF-F57288A9225E}.Release|Any CPU.Build.0 = Release|Any CPU
		{88A17C35-69A2-4E87-9AAF-F57288A9225E}.Release|x64.ActiveCfg = Release|Any CPU
		{88A17C35-69A2-4E87-9AAF-F57288A9225E}.Release|x64.Build.0 = Release|Any CPU
		{88A17C35-69A2-4E87-9AAF-F57288A9225E}.Release|x86.ActiveCfg = Release|Any CPU
		{88A17C35-69A2-4E87-9AAF-F57288A9225E}.Release|x86.Build.0 = Release|Any CPU
		{C6B1B335-009A-4D1A-B7C4-D00EE94F6BB9}.Debug|Any CPU.ActiveCfg = Debug|Any CPU
		{C6B1B335-009A-4D1A-B7C4-D00EE94F6BB9}.Debug|Any CPU.Build.0 = Debug|Any CPU
		{C6B1B335-009A-4D1A-B7C4-D00EE94F6BB9}.Debug|x64.ActiveCfg = Debug|Any CPU
		{C6B1B335-009A-4D1A-B7C4-D00EE94F6BB9}.Debug|x64.Build.0 = Debug|Any CPU
		{C6B1B335-009A-4D1A-B7C4-D00EE94F6BB9}.Debug|x86.ActiveCfg = Debug|Any CPU
		{C6B1B335-009A-4D1A-B7C4-D00EE94F6BB9}.Debug|x86.Build.0 = Debug|Any CPU
		{C6B1B335-009A-4D1A-B7C4-D00EE94F6BB9}.Release|Any CPU.ActiveCfg = Release|Any CPU
		{C6B1B335-009A-4D1A-B7C4-D00EE94F6BB9}.Release|Any CPU.Build.0 = Release|Any CPU
		{C6B1B335-009A-4D1A-B7C4-D00EE94F6BB9}.Release|x64.ActiveCfg = Release|Any CPU
		{C6B1B335-009A-4D1A-B7C4-D00EE94F6BB9}.Release|x64.Build.0 = Release|Any CPU
		{C6B1B335-009A-4D1A-B7C4-D00EE94F6BB9}.Release|x86.ActiveCfg = Release|Any CPU
		{C6B1B335-009A-4D1A-B7C4-D00EE94F6BB9}.Release|x86.Build.0 = Release|Any CPU
	EndGlobalSection
	GlobalSection(NestedProjects) = preSolution
		{B72A9C11-2DBF-4A75-932C-54D61F0C696B} = {497DFE31-D99D-426F-8C99-BC74679447D9}
		{D919413C-1011-461E-9EF7-4228F6008725} = {497DFE31-D99D-426F-8C99-BC74679447D9}
		{6683488F-8F57-4868-B70F-8DFA4C092F16} = {497DFE31-D99D-426F-8C99-BC74679447D9}
		{88A17C35-69A2-4E87-9AAF-F57288A9225E} = {497DFE31-D99D-426F-8C99-BC74679447D9}
		{C6B1B335-009A-4D1A-B7C4-D00EE94F6BB9} = {497DFE31-D99D-426F-8C99-BC74679447D9}
	EndGlobalSection
EndGlobal
